// !$*UTF8*$!
{
	archiveVersion = 1;
	classes = {
	};
	objectVersion = 77;
	objects = {

/* Begin PBXContainerItemProxy section */
		D73DF7352FCC8A8C0067F3C3 /* PBXContainerItemProxy */ = {
			isa = PBXContainerItemProxy;
			containerPortal = D73DF71F2FCC8A8B0067F3C3 /* Project object */;
			proxyType = 1;
			remoteGlobalIDString = D73DF7262FCC8A8B0067F3C3;
			remoteInfo = Seasonly;
		};
		D73DF73F2FCC8A8C0067F3C3 /* PBXContainerItemProxy */ = {
			isa = PBXContainerItemProxy;
			containerPortal = D73DF71F2FCC8A8B0067F3C3 /* Project object */;
			proxyType = 1;
			remoteGlobalIDString = D73DF7262FCC8A8B0067F3C3;
			remoteInfo = Seasonly;
		};
/* End PBXContainerItemProxy section */

/* Begin PBXFileReference section */
		D73DF7272FCC8A8B0067F3C3 /* Seasonly.app */ = {isa = PBXFileReference; explicitFileType = wrapper.application; includeInIndex = 0; path = Seasonly.app; sourceTree = BUILT_PRODUCTS_DIR; };
		D73DF7342FCC8A8C0067F3C3 /* SeasonlyTests.xctest */ = {isa = PBXFileReference; explicitFileType = wrapper.cfbundle; includeInIndex = 0; path = SeasonlyTests.xctest; sourceTree = BUILT_PRODUCTS_DIR; };
		D73DF73E2FCC8A8C0067F3C3 /* SeasonlyUITests.xctest */ = {isa = PBXFileReference; explicitFileType = wrapper.cfbundle; includeInIndex = 0; path = SeasonlyUITests.xctest; sourceTree = BUILT_PRODUCTS_DIR; };
/* End PBXFileReference section */

/* Begin PBXFileSystemSynchronizedRootGroup section */
		D73DF7292FCC8A8B0067F3C3 /* Seasonly */ = {
			isa = PBXFileSystemSynchronizedRootGroup;
			path = Seasonly;
			sourceTree = "<group>";
		};
		D73DF7372FCC8A8C0067F3C3 /* SeasonlyTests */ = {
			isa = PBXFileSystemSynchronizedRootGroup;
			path = SeasonlyTests;
			sourceTree = "<group>";
		};
		D73DF7412FCC8A8C0067F3C3 /* SeasonlyUITests */ = {
			isa = PBXFileSystemSynchronizedRootGroup;
			path = SeasonlyUITests;
			sourceTree = "<group>";
		};
/* End PBXFileSystemSynchronizedRootGroup section */

/* Begin PBXFrameworksBuildPhase section */
		D73DF7242FCC8A8B0067F3C3 /* Frameworks */ = {
			isa = PBXFrameworksBuildPhase;
			buildActionMask = 2147483647;
			files = (
			);
			runOnlyForDeploymentPostprocessing = 0;
		};
		D73DF7312FCC8A8C0067F3C3 /* Frameworks */ = {
			isa = PBXFrameworksBuildPhase;
			buildActionMask = 2147483647;
			files = (
			);
			runOnlyForDeploymentPostprocessing = 0;
		};
		D73DF73B2FCC8A8C0067F3C3 /* Frameworks */ = {
			isa = PBXFrameworksBuildPhase;
			buildActionMask = 2147483647;
			files = (
			);
			runOnlyForDeploymentPostprocessing = 0;
		};
/* End PBXFrameworksBuildPhase section */

/* Begin PBXGroup section */
		D73DF71E2FCC8A8B0067F3C3 = {
			isa = PBXGroup;
			children = (
				D73DF7292FCC8A8B0067F3C3 /* Seasonly */,
				D73DF7372FCC8A8C0067F3C3 /* SeasonlyTests */,
				D73DF7412FCC8A8C0067F3C3 /* SeasonlyUITests */,
				D73DF7282FCC8A8B0067F3C3 /* Products */,
			);
			sourceTree = "<group>";
		};
		D73DF7282FCC8A8B0067F3C3 /* Products */ = {
			isa = PBXGroup;
			children = (
				D73DF7272FCC8A8B0067F3C3 /* Seasonly.app */,
				D73DF7342FCC8A8C0067F3C3 /* SeasonlyTests.xctest */,
				D73DF73E2FCC8A8C0067F3C3 /* SeasonlyUITests.xctest */,
			);
			name = Products;
			sourceTree = "<group>";
		};
/* End PBXGroup section */

/* Begin PBXNativeTarget section */
		D73DF7262FCC8A8B0067F3C3 /* Seasonly */ = {
			isa = PBXNativeTarget;
			buildConfigurationList = D73DF7482FCC8A8C0067F3C3 /* Build configuration list for PBXNativeTarget "Seasonly" */;
			buildPhases = (
				D73DF7232FCC8A8B0067F3C3 /* Sources */,
				D73DF7242FCC8A8B0067F3C3 /* Frameworks */,
				D73DF7252FCC8A8B0067F3C3 /* Resources */,
			);
			buildRules = (
			);
			dependencies = (
			);
			fileSystemSynchronizedGroups = (
				D73DF7292FCC8A8B0067F3C3 /* Seasonly */,
			);
			name = Seasonly;
			packageProductDependencies = (
			);
			productName = Seasonly;
			productReference = D73DF7272FCC8A8B0067F3C3 /* Seasonly.app */;
			productType = "com.apple.product-type.application";
		};
		D73DF7332FCC8A8C0067F3C3 /* SeasonlyTests */ = {
			isa = PBXNativeTarget;
			buildConfigurationList = D73DF74B2FCC8A8C0067F3C3 /* Build configuration list for PBXNativeTarget "SeasonlyTests" */;
			buildPhases = (
				D73DF7302FCC8A8C0067F3C3 /* Sources */,
				D73DF7312FCC8A8C0067F3C3 /* Frameworks */,
				D73DF7322FCC8A8C0067F3C3 /* Resources */,
			);
			buildRules = (
			);
			dependencies = (
				D73DF7362FCC8A8C0067F3C3 /* PBXTargetDependency */,
			);
			fileSystemSynchronizedGroups = (
				D73DF7372FCC8A8C0067F3C3 /* SeasonlyTests */,
			);
			name = SeasonlyTests;
			packageProductDependencies = (
			);
			productName = SeasonlyTests;
			productReference = D73DF7342FCC8A8C0067F3C3 /* SeasonlyTests.xctest */;
			productType = "com.apple.product-type.bundle.unit-test";
		};
		D73DF73D2FCC8A8C0067F3C3 /* SeasonlyUITests */ = {
			isa = PBXNativeTarget;
			buildConfigurationList = D73DF74E2FCC8A8C0067F3C3 /* Build configuration list for PBXNativeTarget "SeasonlyUITests" */;
			buildPhases = (
				D73DF73A2FCC8A8C0067F3C3 /* Sources */,
				D73DF73B2FCC8A8C0067F3C3 /* Frameworks */,
				D73DF73C2FCC8A8C0067F3C3 /* Resources */,
			);
			buildRules = (
			);
			dependencies = (
				D73DF7402FCC8A8C0067F3C3 /* PBXTargetDependency */,
			);
			fileSystemSynchronizedGroups = (
				D73DF7412FCC8A8C0067F3C3 /* SeasonlyUITests */,
			);
			name = SeasonlyUITests;
			packageProductDependencies = (
			);
			productName = SeasonlyUITests;
			productReference = D73DF73E2FCC8A8C0067F3C3 /* SeasonlyUITests.xctest */;
			productType = "com.apple.product-type.bundle.ui-testing";
		};
/* End PBXNativeTarget section */

/* Begin PBXProject section */
		D73DF71F2FCC8A8B0067F3C3 /* Project object */ = {
			isa = PBXProject;
			attributes = {
				BuildIndependentTargetsInParallel = 1;
				LastSwiftUpdateCheck = 2650;
				LastUpgradeCheck = 2650;
				TargetAttributes = {
					D73DF7262FCC8A8B0067F3C3 = {
						CreatedOnToolsVersion = 26.5;
					};
					D73DF7332FCC8A8C0067F3C3 = {
						CreatedOnToolsVersion = 26.5;
						TestTargetID = D73DF7262FCC8A8B0067F3C3;
					};
					D73DF73D2FCC8A8C0067F3C3 = {
						CreatedOnToolsVersion = 26.5;
						TestTargetID = D73DF7262FCC8A8B0067F3C3;
					};
				};
			};
			buildConfigurationList = D73DF7222FCC8A8B0067F3C3 /* Build configuration list for PBXProject "Seasonly" */;
			developmentRegion = en;
			hasScannedForEncodings = 0;
			knownRegions = (
				en,
				Base,
			);
			mainGroup = D73DF71E2FCC8A8B0067F3C3;
			minimizedProjectReferenceProxies = 1;
			preferredProjectObjectVersion = 77;
			productRefGroup = D73DF7282FCC8A8B0067F3C3 /* Products */;
			projectDirPath = "";
			projectRoot = "";
			targets = (
				D73DF7262FCC8A8B0067F3C3 /* Seasonly */,
				D73DF7332FCC8A8C0067F3C3 /* SeasonlyTests */,
				D73DF73D2FCC8A8C0067F3C3 /* SeasonlyUITests */,
			);
		};
/* End PBXProject section */

/* Begin PBXResourcesBuildPhase section */
		D73DF7252FCC8A8B0067F3C3 /* Resources */ = {
			isa = PBXResourcesBuildPhase;
			buildActionMask = 2147483647;
			files = (
			);
			runOnlyForDeploymentPostprocessing = 0;
		};
		D73DF7322FCC8A8C0067F3C3 /* Resources */ = {
			isa = PBXResourcesBuildPhase;
			buildActionMask = 2147483647;
			files = (
			);
			runOnlyForDeploymentPostprocessing = 0;
		};
		D73DF73C2FCC8A8C0067F3C3 /* Resources */ = {
			isa = PBXResourcesBuildPhase;
			buildActionMask = 2147483647;
			files = (
			);
			runOnlyForDeploymentPostprocessing = 0;
		};
/* End PBXResourcesBuildPhase section */

/* Begin PBXSourcesBuildPhase section */
		D73DF7232FCC8A8B0067F3C3 /* Sources */ = {
			isa = PBXSourcesBuildPhase;
			buildActionMask = 2147483647;
			files = (
			);
			runOnlyForDeploymentPostprocessing = 0;
		};
		D73DF7302FCC8A8C0067F3C3 /* Sources */ = {
			isa = PBXSourcesBuildPhase;
			buildActionMask = 2147483647;
			files = (
			);
			runOnlyForDeploymentPostprocessing = 0;
		};
		D73DF73A2FCC8A8C0067F3C3 /* Sources */ = {
			isa = PBXSourcesBuildPhase;
			buildActionMask = 2147483647;
			files = (
			);
			runOnlyForDeploymentPostprocessing = 0;
		};
/* End PBXSourcesBuildPhase section */

/* Begin PBXTargetDependency section */
		D73DF7362FCC8A8C0067F3C3 /* PBXTargetDependency */ = {
			isa = PBXTargetDependency;
			target = D73DF7262FCC8A8B0067F3C3 /* Seasonly */;
			targetProxy = D73DF7352FCC8A8C0067F3C3 /* PBXContainerItemProxy */;
		};
		D73DF7402FCC8A8C0067F3C3 /* PBXTargetDependency */ = {
			isa = PBXTargetDependency;
			target = D73DF7262FCC8A8B0067F3C3 /* Seasonly */;
			targetProxy = D73DF73F2FCC8A8C0067F3C3 /* PBXContainerItemProxy */;
		};
/* End PBXTargetDependency section */

/* Begin XCBuildConfiguration section */
		D73DF7462FCC8A8C0067F3C3 /* Debug */ = {
			isa = XCBuildConfiguration;
			buildSettings = {
				ALWAYS_SEARCH_USER_PATHS = NO;
				ASSETCATALOG_COMPILER_GENERATE_SWIFT_ASSET_SYMBOL_EXTENSIONS = YES;
				CLANG_ANALYZER_NONNULL = YES;
				CLANG_ANALYZER_NUMBER_OBJECT_CONVERSION = YES_AGGRESSIVE;
				CLANG_CXX_LANGUAGE_STANDARD = "gnu++20";
				CLANG_ENABLE_MODULES = YES;
				CLANG_ENABLE_OBJC_ARC = YES;
				CLANG_ENABLE_OBJC_WEAK = YES;
				CLANG_WARN_BLOCK_CAPTURE_AUTORELEASING = YES;
				CLANG_WARN_BOOL_CONVERSION = YES;
				CLANG_WARN_COMMA = YES;
				CLANG_WARN_CONSTANT_CONVERSION = YES;
				CLANG_WARN_DEPRECATED_OBJC_IMPLEMENTATIONS = YES;
				CLANG_WARN_DIRECT_OBJC_ISA_USAGE = YES_ERROR;
				CLANG_WARN_DOCUMENTATION_COMMENTS = YES;
				CLANG_WARN_EMPTY_BODY = YES;
				CLANG_WARN_ENUM_CONVERSION = YES;
				CLANG_WARN_INFINITE_RECURSION = YES;
				CLANG_WARN_INT_CONVERSION = YES;
				CLANG_WARN_NON_LITERAL_NULL_CONVERSION = YES;
				CLANG_WARN_OBJC_IMPLICIT_RETAIN_SELF = YES;
				CLANG_WARN_OBJC_LITERAL_CONVERSION = YES;
				CLANG_WARN_OBJC_ROOT_CLASS = YES_ERROR;
				CLANG_WARN_QUOTED_INCLUDE_IN_FRAMEWORK_HEADER = YES;
				CLANG_WARN_RANGE_LOOP_ANALYSIS = YES;
				CLANG_WARN_STRICT_PROTOTYPES = YES;
				CLANG_WARN_SUSPICIOUS_MOVE = YES;
				CLANG_WARN_UNGUARDED_AVAILABILITY = YES_AGGRESSIVE;
				CLANG_WARN_UNREACHABLE_CODE = YES;
				CLANG_WARN__DUPLICATE_METHOD_MATCH = YES;
				COPY_PHASE_STRIP = NO;
				DEBUG_INFORMATION_FORMAT = dwarf;
				ENABLE_STRICT_OBJC_MSGSEND = YES;
				ENABLE_TESTABILITY = YES;
				ENABLE_USER_SCRIPT_SANDBOXING = YES;
				GCC_C_LANGUAGE_STANDARD = gnu17;
				GCC_DYNAMIC_NO_PIC = NO;
				GCC_NO_COMMON_BLOCKS = YES;
				GCC_OPTIMIZATION_LEVEL = 0;
				GCC_PREPROCESSOR_DEFINITIONS = (
					"DEBUG=1",
					"$(inherited)",
				);
				GCC_WARN_64_TO_32_BIT_CONVERSION = YES;
				GCC_WARN_ABOUT_RETURN_TYPE = YES_ERROR;
				GCC_WARN_UNDECLARED_SELECTOR = YES;
				GCC_WARN_UNINITIALIZED_AUTOS = YES_AGGRESSIVE;
				GCC_WARN_UNUSED_FUNCTION = YES;
				GCC_WARN_UNUSED_VARIABLE = YES;
				IPHONEOS_DEPLOYMENT_TARGET = 26.5;
				LOCALIZATION_PREFERS_STRING_CATALOGS = YES;
				MTL_ENABLE_DEBUG_INFO = INCLUDE_SOURCE;
				MTL_FAST_MATH = YES;
				ONLY_ACTIVE_ARCH = YES;
				SDKROOT = iphoneos;
				SWIFT_ACTIVE_COMPILATION_CONDITIONS = "DEBUG $(inherited)";
				SWIFT_OPTIMIZATION_LEVEL = "-Onone";
			};
			name = Debug;
		};
		D73DF7472FCC8A8C0067F3C3 /* Release */ = {
			isa = XCBuildConfiguration;
			buildSettings = {
				ALWAYS_SEARCH_USER_PATHS = NO;
				ASSETCATALOG_COMPILER_GENERATE_SWIFT_ASSET_SYMBOL_EXTENSIONS = YES;
				CLANG_ANALYZER_NONNULL = YES;
				CLANG_ANALYZER_NUMBER_OBJECT_CONVERSION = YES_AGGRESSIVE;
				CLANG_CXX_LANGUAGE_STANDARD = "gnu++20";
				CLANG_ENABLE_MODULES = YES;
				CLANG_ENABLE_OBJC_ARC = YES;
				CLANG_ENABLE_OBJC_WEAK = YES;
				CLANG_WARN_BLOCK_CAPTURE_AUTORELEASING = YES;
				CLANG_WARN_BOOL_CONVERSION = YES;
				CLANG_WARN_COMMA = YES;
				CLANG_WARN_CONSTANT_CONVERSION = YES;
				CLANG_WARN_DEPRECATED_OBJC_IMPLEMENTATIONS = YES;
				CLANG_WARN_DIRECT_OBJC_ISA_USAGE = YES_ERROR;
				CLANG_WARN_DOCUMENTATION_COMMENTS = YES;
				CLANG_WARN_EMPTY_BODY = YES;
				CLANG_WARN_ENUM_CONVERSION = YES;
				CLANG_WARN_INFINITE_RECURSION = YES;
				CLANG_WARN_INT_CONVERSION = YES;
				CLANG_WARN_NON_LITERAL_NULL_CONVERSION = YES;
				CLANG_WARN_OBJC_IMPLICIT_RETAIN_SELF = YES;
				CLANG_WARN_OBJC_LITERAL_CONVERSION = YES;
				CLANG_WARN_OBJC_ROOT_CLASS = YES_ERROR;
				CLANG_WARN_QUOTED_INCLUDE_IN_FRAMEWORK_HEADER = YES;
				CLANG_WARN_RANGE_LOOP_ANALYSIS = YES;
				CLANG_WARN_STRICT_PROTOTYPES = YES;
				CLANG_WARN_SUSPICIOUS_MOVE = YES;
				CLANG_WARN_UNGUARDED_AVAILABILITY = YES_AGGRESSIVE;
				CLANG_WARN_UNREACHABLE_CODE = YES;
				CLANG_WARN__DUPLICATE_METHOD_MATCH = YES;
				COPY_PHASE_STRIP = NO;
				DEBUG_INFORMATION_FORMAT = "dwarf-with-dsym";
				ENABLE_NS_ASSERTIONS = NO;
				ENABLE_STRICT_OBJC_MSGSEND = YES;
				ENABLE_USER_SCRIPT_SANDBOXING = YES;
				GCC_C_LANGUAGE_STANDARD = gnu17;
				GCC_NO_COMMON_BLOCKS = YES;
				GCC_WARN_64_TO_32_BIT_CONVERSION = YES;
				GCC_WARN_ABOUT_RETURN_TYPE = YES_ERROR;
				GCC_WARN_UNDECLARED_SELECTOR = YES;
				GCC_WARN_UNINITIALIZED_AUTOS = YES_AGGRESSIVE;
				GCC_WARN_UNUSED_FUNCTION = YES;
				GCC_WARN_UNUSED_VARIABLE = YES;
				IPHONEOS_DEPLOYMENT_TARGET = 26.5;
				LOCALIZATION_PREFERS_STRING_CATALOGS = YES;
				MTL_ENABLE_DEBUG_INFO = NO;
				MTL_FAST_MATH = YES;
				SDKROOT = iphoneos;
				SWIFT_COMPILATION_MODE = wholemodule;
				VALIDATE_PRODUCT = YES;
			};
			name = Release;
		};
		D73DF7492FCC8A8C0067F3C3 /* Debug */ = {
			isa = XCBuildConfiguration;
			buildSettings = {
				ASSETCATALOG_COMPILER_APPICON_NAME = AppIcon;
				ASSETCATALOG_COMPILER_GLOBAL_ACCENT_COLOR_NAME = AccentColor;
				CODE_SIGN_STYLE = Automatic;
				CURRENT_PROJECT_VERSION = 1;
				ENABLE_PREVIEWS = YES;
				GENERATE_INFOPLIST_FILE = YES;
				INFOPLIST_KEY_UIApplicationSceneManifest_Generation = YES;
				INFOPLIST_KEY_UIApplicationSupportsIndirectInputEvents = YES;
				INFOPLIST_KEY_UILaunchScreen_Generation = YES;
				INFOPLIST_KEY_UISupportedInterfaceOrientations_iPad = "UIInterfaceOrientationPortrait UIInterfaceOrientationPortraitUpsideDown UIInterfaceOrientationLandscapeLeft UIInterfaceOrientationLandscapeRight";
				INFOPLIST_KEY_UISupportedInterfaceOrientations_iPhone = "UIInterfaceOrientationPortrait UIInterfaceOrientationLandscapeLeft UIInterfaceOrientationLandscapeRight";
				LD_RUNPATH_SEARCH_PATHS = (
					"$(inherited)",
					"@executable_path/Frameworks",
				);
				MARKETING_VERSION = 1.0;
				PRODUCT_BUNDLE_IDENTIFIER = com.soramame.app.Seasonly;
				PRODUCT_NAME = "$(TARGET_NAME)";
				STRING_CATALOG_GENERATE_SYMBOLS = YES;
				SWIFT_APPROACHABLE_CONCURRENCY = YES;
				SWIFT_DEFAULT_ACTOR_ISOLATION = MainActor;
				SWIFT_EMIT_LOC_STRINGS = YES;
				SWIFT_UPCOMING_FEATURE_MEMBER_IMPORT_VISIBILITY = YES;
				SWIFT_VERSION = 5.0;
				TARGETED_DEVICE_FAMILY = "1,2";
			};
			name = Debug;
		};
		D73DF74A2FCC8A8C0067F3C3 /* Release */ = {
			isa = XCBuildConfiguration;
			buildSettings = {
				ASSETCATALOG_COMPILER_APPICON_NAME = AppIcon;
				ASSETCATALOG_COMPILER_GLOBAL_ACCENT_COLOR_NAME = AccentColor;
				CODE_SIGN_STYLE = Automatic;
				CURRENT_PROJECT_VERSION = 1;
				ENABLE_PREVIEWS = YES;
				GENERATE_INFOPLIST_FILE = YES;
				INFOPLIST_KEY_UIApplicationSceneManifest_Generation = YES;
				INFOPLIST_KEY_UIApplicationSupportsIndirectInputEvents = YES;
				INFOPLIST_KEY_UILaunchScreen_Generation = YES;
				INFOPLIST_KEY_UISupportedInterfaceOrientations_iPad = "UIInterfaceOrientationPortrait UIInterfaceOrientationPortraitUpsideDown UIInterfaceOrientationLandscapeLeft UIInterfaceOrientationLandscapeRight";
				INFOPLIST_KEY_UISupportedInterfaceOrientations_iPhone = "UIInterfaceOrientationPortrait UIInterfaceOrientationLandscapeLeft UIInterfaceOrientationLandscapeRight";
				LD_RUNPATH_SEARCH_PATHS = (
					"$(inherited)",
					"@executable_path/Frameworks",
				);
				MARKETING_VERSION = 1.0;
				PRODUCT_BUNDLE_IDENTIFIER = com.soramame.app.Seasonly;
				PRODUCT_NAME = "$(TARGET_NAME)";
				STRING_CATALOG_GENERATE_SYMBOLS = YES;
				SWIFT_APPROACHABLE_CONCURRENCY = YES;
				SWIFT_DEFAULT_ACTOR_ISOLATION = MainActor;
				SWIFT_EMIT_LOC_STRINGS = YES;
				SWIFT_UPCOMING_FEATURE_MEMBER_IMPORT_VISIBILITY = YES;
				SWIFT_VERSION = 5.0;
				TARGETED_DEVICE_FAMILY = "1,2";
			};
			name = Release;
		};
		D73DF74C2FCC8A8C0067F3C3 /* Debug */ = {
			isa = XCBuildConfiguration;
			buildSettings = {
				BUNDLE_LOADER = "$(TEST_HOST)";
				CODE_SIGN_STYLE = Automatic;
				CURRENT_PROJECT_VERSION = 1;
				GENERATE_INFOPLIST_FILE = YES;
				IPHONEOS_DEPLOYMENT_TARGET = 26.5;
				MARKETING_VERSION = 1.0;
				PRODUCT_BUNDLE_IDENTIFIER = com.soramame.app.SeasonlyTests;
				PRODUCT_NAME = "$(TARGET_NAME)";
				STRING_CATALOG_GENERATE_SYMBOLS = NO;
				SWIFT_APPROACHABLE_CONCURRENCY = YES;
				SWIFT_EMIT_LOC_STRINGS = NO;
				SWIFT_UPCOMING_FEATURE_MEMBER_IMPORT_VISIBILITY = YES;
				SWIFT_VERSION = 5.0;
				TARGETED_DEVICE_FAMILY = "1,2";
				TEST_HOST = "$(BUILT_PRODUCTS_DIR)/Seasonly.app/$(BUNDLE_EXECUTABLE_FOLDER_PATH)/Seasonly";
			};
			name = Debug;
		};
		D73DF74D2FCC8A8C0067F3C3 /* Release */ = {
			isa = XCBuildConfiguration;
			buildSettings = {
				BUNDLE_LOADER = "$(TEST_HOST)";
				CODE_SIGN_STYLE = Automatic;
				CURRENT_PROJECT_VERSION = 1;
				GENERATE_INFOPLIST_FILE = YES;
				IPHONEOS_DEPLOYMENT_TARGET = 26.5;
				MARKETING_VERSION = 1.0;
				PRODUCT_BUNDLE_IDENTIFIER = com.soramame.app.SeasonlyTests;
				PRODUCT_NAME = "$(TARGET_NAME)";
				STRING_CATALOG_GENERATE_SYMBOLS = NO;
				SWIFT_APPROACHABLE_CONCURRENCY = YES;
				SWIFT_EMIT_LOC_STRINGS = NO;
				SWIFT_UPCOMING_FEATURE_MEMBER_IMPORT_VISIBILITY = YES;
				SWIFT_VERSION = 5.0;
				TARGETED_DEVICE_FAMILY = "1,2";
				TEST_HOST = "$(BUILT_PRODUCTS_DIR)/Seasonly.app/$(BUNDLE_EXECUTABLE_FOLDER_PATH)/Seasonly";
			};
			name = Release;
		};
		D73DF74F2FCC8A8C0067F3C3 /* Debug */ = {
			isa = XCBuildConfiguration;
			buildSettings = {
				CODE_SIGN_STYLE = Automatic;
				CURRENT_PROJECT_VERSION = 1;
				GENERATE_INFOPLIST_FILE = YES;
				MARKETING_VERSION = 1.0;
				PRODUCT_BUNDLE_IDENTIFIER = com.soramame.app.SeasonlyUITests;
				PRODUCT_NAME = "$(TARGET_NAME)";
				STRING_CATALOG_GENERATE_SYMBOLS = NO;
				SWIFT_APPROACHABLE_CONCURRENCY = YES;
				SWIFT_EMIT_LOC_STRINGS = NO;
				SWIFT_UPCOMING_FEATURE_MEMBER_IMPORT_VISIBILITY = YES;
				SWIFT_VERSION = 5.0;
				TARGETED_DEVICE_FAMILY = "1,2";
				TEST_TARGET_NAME = Seasonly;
			};
			name = Debug;
		};
		D73DF7502FCC8A8C0067F3C3 /* Release */ = {
			isa = XCBuildConfiguration;
			buildSettings = {
				CODE_SIGN_STYLE = Automatic;
				CURRENT_PROJECT_VERSION = 1;
				GENERATE_INFOPLIST_FILE = YES;
				MARKETING_VERSION = 1.0;
				PRODUCT_BUNDLE_IDENTIFIER = com.soramame.app.SeasonlyUITests;
				PRODUCT_NAME = "$(TARGET_NAME)";
				STRING_CATALOG_GENERATE_SYMBOLS = NO;
				SWIFT_APPROACHABLE_CONCURRENCY = YES;
				SWIFT_EMIT_LOC_STRINGS = NO;
				SWIFT_UPCOMING_FEATURE_MEMBER_IMPORT_VISIBILITY = YES;
				SWIFT_VERSION = 5.0;
				TARGETED_DEVICE_FAMILY = "1,2";
				TEST_TARGET_NAME = Seasonly;
			};
			name = Release;
		};
/* End XCBuildConfiguration section */

/* Begin XCConfigurationList section */
		D73DF7222FCC8A8B0067F3C3 /* Build configuration list for PBXProject "Seasonly" */ = {
			isa = XCConfigurationList;
			buildConfigurations = (
				D73DF7462FCC8A8C0067F3C3 /* Debug */,
				D73DF7472FCC8A8C0067F3C3 /* Release */,
			);
			defaultConfigurationIsVisible = 0;
			defaultConfigurationName = Release;
		};
		D73DF7482FCC8A8C0067F3C3 /* Build configuration list for PBXNativeTarget "Seasonly" */ = {
			isa = XCConfigurationList;
			buildConfigurations = (
				D73DF7492FCC8A8C0067F3C3 /* Debug */,
				D73DF74A2FCC8A8C0067F3C3 /* Release */,
			);
			defaultConfigurationIsVisible = 0;
			defaultConfigurationName = Release;
		};
		D73DF74B2FCC8A8C0067F3C3 /* Build configuration list for PBXNativeTarget "SeasonlyTests" */ = {
			isa = XCConfigurationList;
			buildConfigurations = (
				D73DF74C2FCC8A8C0067F3C3 /* Debug */,
				D73DF74D2FCC8A8C0067F3C3 /* Release */,
			);
			defaultConfigurationIsVisible = 0;
			defaultConfigurationName = Release;
		};
		D73DF74E2FCC8A8C0067F3C3 /* Build configuration list for PBXNativeTarget "SeasonlyUITests" */ = {
			isa = XCConfigurationList;
			buildConfigurations = (
				D73DF74F2FCC8A8C0067F3C3 /* Debug */,
				D73DF7502FCC8A8C0067F3C3 /* Release */,
			);
			defaultConfigurationIsVisible = 0;
			defaultConfigurationName = Release;
		};
/* End XCConfigurationList section */
	};
	rootObject = D73DF71F2FCC8A8B0067F3C3 /* Project object */;
}
